
Microsoft Visual Studio Solution File, Format Version 12.00
# Visual Studio Version 17
VisualStudioVersion = 17.7.34202.233
MinimumVisualStudioVersion = 10.0.40219.1
Project("{FAE04EC0-301F-11D3-BF4B-00C04F79EFBC}") = "myfirstDevOpsDemo", "myfirstDevOpsDemo\myfirstDevOpsDemo.csproj", "{F334D837-454E-4B4F-9026-EE6CCA9A6E9C}"
EndProject
Global
	GlobalSection(SolutionConfigurationPlatforms) = preSolution
		Debug|Any CPU = Debug|Any CPU
		Release|Any CPU = Release|Any CPU
	EndGlobalSection
	GlobalSection(ProjectConfigurationPlatforms) = postSolution
		{F334D837-454E-4B4F-9026-EE6CCA9A6E9C}.Debug|Any CPU.ActiveCfg = Debug|Any CPU
		{F334D837-454E-4B4F-9026-EE6CCA9A6E9C}.Debug|Any CPU.Build.0 = Debug|Any CPU
		{F334D837-454E-4B4F-9026-EE6CCA9A6E9C}.Release|Any CPU.ActiveCfg = Release|Any CPU
		{F334D837-454E-4B4F-9026-EE6CCA9A6E9C}.Release|Any CPU.Build.0 = Release|Any CPU
	EndGlobalSection
	GlobalSection(SolutionProperties) = preSolution
		HideSolutionNode = FALSE
	EndGlobalSection
	GlobalSection(ExtensibilityGlobals) = postSolution
		SolutionGuid = {CD15975D-54F0-40D0-8D53-9B2BE73542AF}
	EndGlobalSection
EndGlobal
